// !$*UTF8*$!
{
	archiveVersion = 1;
	classes = {
	};
	objectVersion = 46;
	objects = {

/* Begin PBXBuildFile section */
		69121BF6162D601A0011F143 /* Foundation.framework in Frameworks */ = {isa = PBXBuildFile; fileRef = 69121BF5162D601A0011F143 /* Foundation.framework */; };
		69121BFD162D601A0011F143 /* bitdiff.1 in CopyFiles */ = {isa = PBXBuildFile; fileRef = 69121BFC162D601A0011F143 /* bitdiff.1 */; };
		69121C0C162D61300011F143 /* bitdiff.m in Sources */ = {isa = PBXBuildFile; fileRef = 69121C0B162D61300011F143 /* bitdiff.m */; };
/* End PBXBuildFile section */

/* Begin PBXCopyFilesBuildPhase section */
		69121BEF162D601A0011F143 /* CopyFiles */ = {
			isa = PBXCopyFilesBuildPhase;
			buildActionMask = 2147483647;
			dstPath = /usr/share/man/man1/;
			dstSubfolderSpec = 0;
			files = (
				69121BFD162D601A0011F143 /* bitdiff.1 in CopyFiles */,
			);
			runOnlyForDeploymentPostprocessing = 1;
		};
/* End PBXCopyFilesBuildPhase section */

/* Begin PBXFileReference section */
		69121BF1162D601A0011F143 /* bitdiff */ = {isa = PBXFileReference; explicitFileType = "compiled.mach-o.executable"; includeInIndex = 0; path = bitdiff; sourceTree = BUILT_PRODUCTS_DIR; };
		69121BF5162D601A0011F143 /* Foundation.framework */ = {isa = PBXFileReference; lastKnownFileType = wrapper.framework; name = Foundation.framework; path = System/Library/Frameworks/Foundation.framework; sourceTree = SDKROOT; };
		69121BFC162D601A0011F143 /* bitdiff.1 */ = {isa = PBXFileReference; lastKnownFileType = text.man; path = bitdiff.1; sourceTree = "<group>"; };
		69121C0B162D61300011F143 /* bitdiff.m */ = {isa = PBXFileReference; fileEncoding = 4; lastKnownFileType = sourcecode.c.objc; path = bitdiff.m; sourceTree = "<group>"; };
/* End PBXFileReference section */

/* Begin PBXFrameworksBuildPhase section */
		69121BEE162D601A0011F143 /* Frameworks */ = {
			isa = PBXFrameworksBuildPhase;
			buildActionMask = 2147483647;
			files = (
				69121BF6162D601A0011F143 /* Foundation.framework in Frameworks */,
			);
			runOnlyForDeploymentPostprocessing = 0;
		};
/* End PBXFrameworksBuildPhase section */

/* Begin PBXGroup section */
		69121BE6162D601A0011F143 = {
			isa = PBXGroup;
			children = (
				69121BF7162D601A0011F143 /* bitdiff */,
				69121BF4162D601A0011F143 /* Frameworks */,
				69121BF2162D601A0011F143 /* Products */,
			);
			sourceTree = "<group>";
		};
		69121BF2162D601A0011F143 /* Products */ = {
			isa = PBXGroup;
			children = (
				69121BF1162D601A0011F143 /* bitdiff */,
			);
			name = Products;
			sourceTree = "<group>";
		};
		69121BF4162D601A0011F143 /* Frameworks */ = {
			isa = PBXGroup;
			children = (
				69121BF5162D601A0011F143 /* Foundation.framework */,
			);
			name = Frameworks;
			sourceTree = "<group>";
		};
		69121BF7162D601A0011F143 /* bitdiff */ = {
			isa = PBXGroup;
			children = (
				69121C0B162D61300011F143 /* bitdiff.m */,
				69121BFC162D601A0011F143 /* bitdiff.1 */,
				69121BFA162D601A0011F143 /* Supporting Files */,
			);
			path = bitdiff;
			sourceTree = "<group>";
		};
		69121BFA162D601A0011F143 /* Supporting Files */ = {
			isa = PBXGroup;
			children = (
			);
			name = "Supporting Files";
			sourceTree = "<group>";
		};
/* End PBXGroup section */

/* Begin PBXNativeTarget section */
		69121BF0162D601A0011F143 /* bitdiff */ = {
			isa = PBXNativeTarget;
			buildConfigurationList = 69121C00162D601A0011F143 /* Build configuration list for PBXNativeTarget "bitdiff" */;
			buildPhases = (
				69121BED162D601A0011F143 /* Sources */,
				69121BEE162D601A0011F143 /* Frameworks */,
				69121BEF162D601A0011F143 /* CopyFiles */,
			);
			buildRules = (
			);
			dependencies = (
			);
			name = bitdiff;
			productName = bitdiff;
			productReference = 69121BF1162D601A0011F143 /* bitdiff */;
			productType = "com.apple.product-type.tool";
		};
/* End PBXNativeTarget section */

/* Begin PBXProject section */
		69121BE8162D601A0011F143 /* Project object */ = {
			isa = PBXProject;
			attributes = {
				LastUpgradeCheck = 0450;
				ORGANIZATIONNAME = "Andreas Wassmer";
			};
			buildConfigurationList = 69121BEB162D601A0011F143 /* Build configuration list for PBXProject "bitdiff" */;
			compatibilityVersion = "Xcode 3.2";
			developmentRegion = English;
			hasScannedForEncodings = 0;
			knownRegions = (
				en,
			);
			mainGroup = 69121BE6162D601A0011F143;
			productRefGroup = 69121BF2162D601A0011F143 /* Products */;
			projectDirPath = "";
			projectRoot = "";
			targets = (
				69121BF0162D601A0011F143 /* bitdiff */,
			);
		};
/* End PBXProject section */

/* Begin PBXSourcesBuildPhase section */
		69121BED162D601A0011F143 /* Sources */ = {
			isa = PBXSourcesBuildPhase;
			buildActionMask = 2147483647;
			files = (
				69121C0C162D61300011F143 /* bitdiff.m in Sources */,
			);
			runOnlyForDeploymentPostprocessing = 0;
		};
/* End PBXSourcesBuildPhase section */

/* Begin XCBuildConfiguration section */
		69121BFE162D601A0011F143 /* Debug */ = {
			isa = XCBuildConfiguration;
			buildSettings = {
				ALWAYS_SEARCH_USER_PATHS = NO;
				ARCHS = "$(ARCHS_STANDARD_64_BIT)";
				CLANG_CXX_LANGUAGE_STANDARD = "gnu++0x";
				CLANG_CXX_LIBRARY = "libc++";
				CLANG_WARN_EMPTY_BODY = YES;
				CLANG_WARN__DUPLICATE_METHOD_MATCH = YES;
				COPY_PHASE_STRIP = NO;
				GCC_C_LANGUAGE_STANDARD = gnu99;
				GCC_DYNAMIC_NO_PIC = NO;
				GCC_ENABLE_OBJC_EXCEPTIONS = YES;
				GCC_OPTIMIZATION_LEVEL = 0;
				GCC_PREPROCESSOR_DEFINITIONS = (
					"DEBUG=1",
					"$(inherited)",
				);
				GCC_SYMBOLS_PRIVATE_EXTERN = NO;
				GCC_WARN_64_TO_32_BIT_CONVERSION = YES;
				GCC_WARN_ABOUT_RETURN_TYPE = YES;
				GCC_WARN_UNINITIALIZED_AUTOS = YES;
				GCC_WARN_UNUSED_VARIABLE = YES;
				MACOSX_DEPLOYMENT_TARGET = 10.7;
				ONLY_ACTIVE_ARCH = YES;
				SDKROOT = macosx;
			};
			name = Debug;
		};
		69121BFF162D601A0011F143 /* Release */ = {
			isa = XCBuildConfiguration;
			buildSettings = {
				ALWAYS_SEARCH_USER_PATHS = NO;
				ARCHS = "$(ARCHS_STANDARD_64_BIT)";
				CLANG_CXX_LANGUAGE_STANDARD = "gnu++0x";
				CLANG_CXX_LIBRARY = "libc++";
				CLANG_WARN_EMPTY_BODY = YES;
				CLANG_WARN__DUPLICATE_METHOD_MATCH = YES;
				COPY_PHASE_STRIP = YES;
				DEBUG_INFORMATION_FORMAT = "dwarf-with-dsym";
				GCC_C_LANGUAGE_STANDARD = gnu99;
				GCC_ENABLE_OBJC_EXCEPTIONS = YES;
				GCC_WARN_64_TO_32_BIT_CONVERSION = YES;
				GCC_WARN_ABOUT_RETURN_TYPE = YES;
				GCC_WARN_UNINITIALIZED_AUTOS = YES;
				GCC_WARN_UNUSED_VARIABLE = YES;
				MACOSX_DEPLOYMENT_TARGET = 10.7;
				SDKROOT = macosx;
			};
			name = Release;
		};
		69121C01162D601A0011F143 /* Debug */ = {
			isa = XCBuildConfiguration;
			buildSettings = {
				GCC_PRECOMPILE_PREFIX_HEADER = YES;
				GCC_PREFIX_HEADER = "bitdiff/bitdiff-Prefix.pch";
				PRODUCT_NAME = "$(TARGET_NAME)";
			};
			name = Debug;
		};
		69121C02162D601A0011F143 /* Release */ = {
			isa = XCBuildConfiguration;
			buildSettings = {
				GCC_PRECOMPILE_PREFIX_HEADER = YES;
				GCC_PREFIX_HEADER = "bitdiff/bitdiff-Prefix.pch";
				PRODUCT_NAME = "$(TARGET_NAME)";
			};
			name = Release;
		};
/* End XCBuildConfiguration section */

/* Begin XCConfigurationList section */
		69121BEB162D601A0011F143 /* Build configuration list for PBXProject "bitdiff" */ = {
			isa = XCConfigurationList;
			buildConfigurations = (
				69121BFE162D601A0011F143 /* Debug */,
				69121BFF162D601A0011F143 /* Release */,
			);
			defaultConfigurationIsVisible = 0;
			defaultConfigurationName = Release;
		};
		69121C00162D601A0011F143 /* Build configuration list for PBXNativeTarget "bitdiff" */ = {
			isa = XCConfigurationList;
			buildConfigurations = (
				69121C01162D601A0011F143 /* Debug */,
				69121C02162D601A0011F143 /* Release */,
			);
			defaultConfigurationIsVisible = 0;
			defaultConfigurationName = Release;
		};
/* End XCConfigurationList section */
	};
	rootObject = 69121BE8162D601A0011F143 /* Project object */;
}
